PODS:
  - IBMMobileFirstPlatformFoundation (8.0.2019103114)

DEPENDENCIES:
  - IBMMobileFirstPlatformFoundation

SPEC REPOS:
  trunk:
    - IBMMobileFirstPlatformFoundation

SPEC CHECKSUMS:
  IBMMobileFirstPlatformFoundation: e25b7c57a08103c45b8961a4ef8336367d70ffe7

PODFILE CHECKSUM: 43c1d151f55b8d1c40a941588a6ef2f5fb50c276

COCOAPODS: 1.8.4
