// !$*UTF8*$!
{
	archiveVersion = 1;
	classes = {
	};
	objectVersion = 46;
	objects = {

/* Begin PBXBuildFile section */
		19643DD21C620A200055D883 /* AppDelegate.swift in Sources */ = {isa = PBXBuildFile; fileRef = 19643DD11C620A200055D883 /* AppDelegate.swift */; };
		19643DD41C620A200055D883 /* ViewController.swift in Sources */ = {isa = PBXBuildFile; fileRef = 19643DD31C620A200055D883 /* ViewController.swift */; };
		19643DD71C620A200055D883 /* Main.storyboard in Resources */ = {isa = PBXBuildFile; fileRef = 19643DD51C620A200055D883 /* Main.storyboard */; };
		19643DD91C620A200055D883 /* Assets.xcassets in Resources */ = {isa = PBXBuildFile; fileRef = 19643DD81C620A200055D883 /* Assets.xcassets */; };
		19643DDC1C620A200055D883 /* LaunchScreen.storyboard in Resources */ = {isa = PBXBuildFile; fileRef = 19643DDA1C620A200055D883 /* LaunchScreen.storyboard */; };
		19643DE41C620BE70055D883 /* mfpclient.plist in Resources */ = {isa = PBXBuildFile; fileRef = 19643DE31C620BE70055D883 /* mfpclient.plist */; };
		A792C8DD90EFA265C34560E3 /* Pods.framework in Frameworks */ = {isa = PBXBuildFile; fileRef = 4656CFF302C17A6F1A531937 /* Pods.framework */; };
/* End PBXBuildFile section */

/* Begin PBXFileReference section */
		19643DCE1C620A200055D883 /* PinCodeSwift.app */ = {isa = PBXFileReference; explicitFileType = wrapper.application; includeInIndex = 0; path = PinCodeSwift.app; sourceTree = BUILT_PRODUCTS_DIR; };
		19643DD11C620A200055D883 /* AppDelegate.swift */ = {isa = PBXFileReference; lastKnownFileType = sourcecode.swift; path = AppDelegate.swift; sourceTree = "<group>"; };
		19643DD31C620A200055D883 /* ViewController.swift */ = {isa = PBXFileReference; lastKnownFileType = sourcecode.swift; path = ViewController.swift; sourceTree = "<group>"; };
		19643DD61C620A200055D883 /* Base */ = {isa = PBXFileReference; lastKnownFileType = file.storyboard; name = Base; path = Base.lproj/Main.storyboard; sourceTree = "<group>"; };
		19643DD81C620A200055D883 /* Assets.xcassets */ = {isa = PBXFileReference; lastKnownFileType = folder.assetcatalog; path = Assets.xcassets; sourceTree = "<group>"; };
		19643DDB1C620A200055D883 /* Base */ = {isa = PBXFileReference; lastKnownFileType = file.storyboard; name = Base; path = Base.lproj/LaunchScreen.storyboard; sourceTree = "<group>"; };
		19643DDD1C620A200055D883 /* Info.plist */ = {isa = PBXFileReference; lastKnownFileType = text.plist.xml; path = Info.plist; sourceTree = "<group>"; };
		19643DE31C620BE70055D883 /* mfpclient.plist */ = {isa = PBXFileReference; fileEncoding = 4; lastKnownFileType = text.plist.xml; path = mfpclient.plist; sourceTree = "<group>"; };
		4656CFF302C17A6F1A531937 /* Pods.framework */ = {isa = PBXFileReference; explicitFileType = wrapper.framework; includeInIndex = 0; path = Pods.framework; sourceTree = BUILT_PRODUCTS_DIR; };
		47546CD5F24CB08F037004C4 /* Pods.debug.xcconfig */ = {isa = PBXFileReference; includeInIndex = 1; lastKnownFileType = text.xcconfig; name = Pods.debug.xcconfig; path = "Pods/Target Support Files/Pods/Pods.debug.xcconfig"; sourceTree = "<group>"; };
		8EA90B8B4DF479E2CE8B78C0 /* Pods.release.xcconfig */ = {isa = PBXFileReference; includeInIndex = 1; lastKnownFileType = text.xcconfig; name = Pods.release.xcconfig; path = "Pods/Target Support Files/Pods/Pods.release.xcconfig"; sourceTree = "<group>"; };
/* End PBXFileReference section */

/* Begin PBXFrameworksBuildPhase section */
		19643DCB1C620A200055D883 /* Frameworks */ = {
			isa = PBXFrameworksBuildPhase;
			buildActionMask = 2147483647;
			files = (
				A792C8DD90EFA265C34560E3 /* Pods.framework in Frameworks */,
			);
			runOnlyForDeploymentPostprocessing = 0;
		};
/* End PBXFrameworksBuildPhase section */

/* Begin PBXGroup section */
		19643DC51C620A200055D883 = {
			isa = PBXGroup;
			children = (
				19643DE31C620BE70055D883 /* mfpclient.plist */,
				19643DD01C620A200055D883 /* PinCodeSwift */,
				19643DCF1C620A200055D883 /* Products */,
				4EF64AD828F02A532558B246 /* Pods */,
				8A45B7E7415836345CC57A1B /* Frameworks */,
			);
			sourceTree = "<group>";
		};
		19643DCF1C620A200055D883 /* Products */ = {
			isa = PBXGroup;
			children = (
				19643DCE1C620A200055D883 /* PinCodeSwift.app */,
			);
			name = Products;
			sourceTree = "<group>";
		};
		19643DD01C620A200055D883 /* PinCodeSwift */ = {
			isa = PBXGroup;
			children = (
				19643DD11C620A200055D883 /* AppDelegate.swift */,
				19643DD31C620A200055D883 /* ViewController.swift */,
				19643DD51C620A200055D883 /* Main.storyboard */,
				19643DD81C620A200055D883 /* Assets.xcassets */,
				19643DDA1C620A200055D883 /* LaunchScreen.storyboard */,
				19643DDD1C620A200055D883 /* Info.plist */,
			);
			path = PinCodeSwift;
			sourceTree = "<group>";
		};
		4EF64AD828F02A532558B246 /* Pods */ = {
			isa = PBXGroup;
			children = (
				47546CD5F24CB08F037004C4 /* Pods.debug.xcconfig */,
				8EA90B8B4DF479E2CE8B78C0 /* Pods.release.xcconfig */,
			);
			name = Pods;
			sourceTree = "<group>";
		};
		8A45B7E7415836345CC57A1B /* Frameworks */ = {
			isa = PBXGroup;
			children = (
				4656CFF302C17A6F1A531937 /* Pods.framework */,
			);
			name = Frameworks;
			sourceTree = "<group>";
		};
/* End PBXGroup section */

/* Begin PBXNativeTarget section */
		19643DCD1C620A200055D883 /* PinCodeSwift */ = {
			isa = PBXNativeTarget;
			buildConfigurationList = 19643DE01C620A200055D883 /* Build configuration list for PBXNativeTarget "PinCodeSwift" */;
			buildPhases = (
				AE6E3891857DD1772711C500 /* Check Pods Manifest.lock */,
				19643DCA1C620A200055D883 /* Sources */,
				19643DCB1C620A200055D883 /* Frameworks */,
				19643DCC1C620A200055D883 /* Resources */,
				775A789B78104822D30A5960 /* Embed Pods Frameworks */,
				4A8BF47E340591FFD4C46F88 /* Copy Pods Resources */,
			);
			buildRules = (
			);
			dependencies = (
			);
			name = PinCodeSwift;
			productName = PinCodeSwift;
			productReference = 19643DCE1C620A200055D883 /* PinCodeSwift.app */;
			productType = "com.apple.product-type.application";
		};
/* End PBXNativeTarget section */

/* Begin PBXProject section */
		19643DC61C620A200055D883 /* Project object */ = {
			isa = PBXProject;
			attributes = {
				LastSwiftUpdateCheck = 0720;
				LastUpgradeCheck = 0720;
				ORGANIZATIONNAME = Sample;
				TargetAttributes = {
					19643DCD1C620A200055D883 = {
						CreatedOnToolsVersion = 7.2;
					};
				};
			};
			buildConfigurationList = 19643DC91C620A200055D883 /* Build configuration list for PBXProject "PinCodeSwift" */;
			compatibilityVersion = "Xcode 3.2";
			developmentRegion = English;
			hasScannedForEncodings = 0;
			knownRegions = (
				en,
				Base,
			);
			mainGroup = 19643DC51C620A200055D883;
			productRefGroup = 19643DCF1C620A200055D883 /* Products */;
			projectDirPath = "";
			projectRoot = "";
			targets = (
				19643DCD1C620A200055D883 /* PinCodeSwift */,
			);
		};
/* End PBXProject section */

/* Begin PBXResourcesBuildPhase section */
		19643DCC1C620A200055D883 /* Resources */ = {
			isa = PBXResourcesBuildPhase;
			buildActionMask = 2147483647;
			files = (
				19643DDC1C620A200055D883 /* LaunchScreen.storyboard in Resources */,
				19643DD91C620A200055D883 /* Assets.xcassets in Resources */,
				19643DD71C620A200055D883 /* Main.storyboard in Resources */,
				19643DE41C620BE70055D883 /* mfpclient.plist in Resources */,
			);
			runOnlyForDeploymentPostprocessing = 0;
		};
/* End PBXResourcesBuildPhase section */

/* Begin PBXShellScriptBuildPhase section */
		4A8BF47E340591FFD4C46F88 /* Copy Pods Resources */ = {
			isa = PBXShellScriptBuildPhase;
			buildActionMask = 2147483647;
			files = (
			);
			inputPaths = (
			);
			name = "Copy Pods Resources";
			outputPaths = (
			);
			runOnlyForDeploymentPostprocessing = 0;
			shellPath = /bin/sh;
			shellScript = "\"${SRCROOT}/Pods/Target Support Files/Pods/Pods-resources.sh\"\n";
			showEnvVarsInLog = 0;
		};
		775A789B78104822D30A5960 /* Embed Pods Frameworks */ = {
			isa = PBXShellScriptBuildPhase;
			buildActionMask = 2147483647;
			files = (
			);
			inputPaths = (
			);
			name = "Embed Pods Frameworks";
			outputPaths = (
			);
			runOnlyForDeploymentPostprocessing = 0;
			shellPath = /bin/sh;
			shellScript = "\"${SRCROOT}/Pods/Target Support Files/Pods/Pods-frameworks.sh\"\n";
			showEnvVarsInLog = 0;
		};
		AE6E3891857DD1772711C500 /* Check Pods Manifest.lock */ = {
			isa = PBXShellScriptBuildPhase;
			buildActionMask = 2147483647;
			files = (
			);
			inputPaths = (
			);
			name = "Check Pods Manifest.lock";
			outputPaths = (
			);
			runOnlyForDeploymentPostprocessing = 0;
			shellPath = /bin/sh;
			shellScript = "diff \"${PODS_ROOT}/../Podfile.lock\" \"${PODS_ROOT}/Manifest.lock\" > /dev/null\nif [[ $? != 0 ]] ; then\n    cat << EOM\nerror: The sandbox is not in sync with the Podfile.lock. Run 'pod install' or update your CocoaPods installation.\nEOM\n    exit 1\nfi\n";
			showEnvVarsInLog = 0;
		};
/* End PBXShellScriptBuildPhase section */

/* Begin PBXSourcesBuildPhase section */
		19643DCA1C620A200055D883 /* Sources */ = {
			isa = PBXSourcesBuildPhase;
			buildActionMask = 2147483647;
			files = (
				19643DD41C620A200055D883 /* ViewController.swift in Sources */,
				19643DD21C620A200055D883 /* AppDelegate.swift in Sources */,
			);
			runOnlyForDeploymentPostprocessing = 0;
		};
/* End PBXSourcesBuildPhase section */

/* Begin PBXVariantGroup section */
		19643DD51C620A200055D883 /* Main.storyboard */ = {
			isa = PBXVariantGroup;
			children = (
				19643DD61C620A200055D883 /* Base */,
			);
			name = Main.storyboard;
			sourceTree = "<group>";
		};
		19643DDA1C620A200055D883 /* LaunchScreen.storyboard */ = {
			isa = PBXVariantGroup;
			children = (
				19643DDB1C620A200055D883 /* Base */,
			);
			name = LaunchScreen.storyboard;
			sourceTree = "<group>";
		};
/* End PBXVariantGroup section */

/* Begin XCBuildConfiguration section */
		19643DDE1C620A200055D883 /* Debug */ = {
			isa = XCBuildConfiguration;
			buildSettings = {
				ALWAYS_SEARCH_USER_PATHS = NO;
				CLANG_CXX_LANGUAGE_STANDARD = "gnu++0x";
				CLANG_CXX_LIBRARY = "libc++";
				CLANG_ENABLE_MODULES = YES;
				CLANG_ENABLE_OBJC_ARC = YES;
				CLANG_WARN_BOOL_CONVERSION = YES;
				CLANG_WARN_CONSTANT_CONVERSION = YES;
				CLANG_WARN_DIRECT_OBJC_ISA_USAGE = YES_ERROR;
				CLANG_WARN_EMPTY_BODY = YES;
				CLANG_WARN_ENUM_CONVERSION = YES;
				CLANG_WARN_INT_CONVERSION = YES;
				CLANG_WARN_OBJC_ROOT_CLASS = YES_ERROR;
				CLANG_WARN_UNREACHABLE_CODE = YES;
				CLANG_WARN__DUPLICATE_METHOD_MATCH = YES;
				"CODE_SIGN_IDENTITY[sdk=iphoneos*]" = "iPhone Developer";
				COPY_PHASE_STRIP = NO;
				DEBUG_INFORMATION_FORMAT = dwarf;
				ENABLE_STRICT_OBJC_MSGSEND = YES;
				ENABLE_TESTABILITY = YES;
				GCC_C_LANGUAGE_STANDARD = gnu99;
				GCC_DYNAMIC_NO_PIC = NO;
				GCC_NO_COMMON_BLOCKS = YES;
				GCC_OPTIMIZATION_LEVEL = 0;
				GCC_PREPROCESSOR_DEFINITIONS = (
					"DEBUG=1",
					"$(inherited)",
				);
				GCC_WARN_64_TO_32_BIT_CONVERSION = YES;
				GCC_WARN_ABOUT_RETURN_TYPE = YES_ERROR;
				GCC_WARN_UNDECLARED_SELECTOR = YES;
				GCC_WARN_UNINITIALIZED_AUTOS = YES_AGGRESSIVE;
				GCC_WARN_UNUSED_FUNCTION = YES;
				GCC_WARN_UNUSED_VARIABLE = YES;
				IPHONEOS_DEPLOYMENT_TARGET = 9.2;
				MTL_ENABLE_DEBUG_INFO = YES;
				ONLY_ACTIVE_ARCH = YES;
				SDKROOT = iphoneos;
				SWIFT_OPTIMIZATION_LEVEL = "-Onone";
				TARGETED_DEVICE_FAMILY = "1,2";
			};
			name = Debug;
		};
		19643DDF1C620A200055D883 /* Release */ = {
			isa = XCBuildConfiguration;
			buildSettings = {
				ALWAYS_SEARCH_USER_PATHS = NO;
				CLANG_CXX_LANGUAGE_STANDARD = "gnu++0x";
				CLANG_CXX_LIBRARY = "libc++";
				CLANG_ENABLE_MODULES = YES;
				CLANG_ENABLE_OBJC_ARC = YES;
				CLANG_WARN_BOOL_CONVERSION = YES;
				CLANG_WARN_CONSTANT_CONVERSION = YES;
				CLANG_WARN_DIRECT_OBJC_ISA_USAGE = YES_ERROR;
				CLANG_WARN_EMPTY_BODY = YES;
				CLANG_WARN_ENUM_CONVERSION = YES;
				CLANG_WARN_INT_CONVERSION = YES;
				CLANG_WARN_OBJC_ROOT_CLASS = YES_ERROR;
				CLANG_WARN_UNREACHABLE_CODE = YES;
				CLANG_WARN__DUPLICATE_METHOD_MATCH = YES;
				"CODE_SIGN_IDENTITY[sdk=iphoneos*]" = "iPhone Developer";
				COPY_PHASE_STRIP = NO;
				DEBUG_INFORMATION_FORMAT = "dwarf-with-dsym";
				ENABLE_NS_ASSERTIONS = NO;
				ENABLE_STRICT_OBJC_MSGSEND = YES;
				GCC_C_LANGUAGE_STANDARD = gnu99;
				GCC_NO_COMMON_BLOCKS = YES;
				GCC_WARN_64_TO_32_BIT_CONVERSION = YES;
				GCC_WARN_ABOUT_RETURN_TYPE = YES_ERROR;
				GCC_WARN_UNDECLARED_SELECTOR = YES;
				GCC_WARN_UNINITIALIZED_AUTOS = YES_AGGRESSIVE;
				GCC_WARN_UNUSED_FUNCTION = YES;
				GCC_WARN_UNUSED_VARIABLE = YES;
				IPHONEOS_DEPLOYMENT_TARGET = 9.2;
				MTL_ENABLE_DEBUG_INFO = NO;
				SDKROOT = iphoneos;
				TARGETED_DEVICE_FAMILY = "1,2";
				VALIDATE_PRODUCT = YES;
			};
			name = Release;
		};
		19643DE11C620A200055D883 /* Debug */ = {
			isa = XCBuildConfiguration;
			baseConfigurationReference = 47546CD5F24CB08F037004C4 /* Pods.debug.xcconfig */;
			buildSettings = {
				ASSETCATALOG_COMPILER_APPICON_NAME = AppIcon;
				INFOPLIST_FILE = PinCodeSwift/Info.plist;
				LD_RUNPATH_SEARCH_PATHS = "$(inherited) @executable_path/Frameworks";
				PRODUCT_BUNDLE_IDENTIFIER = com.sample.PinCodeSwift;
				PRODUCT_NAME = "$(TARGET_NAME)";
			};
			name = Debug;
		};
		19643DE21C620A200055D883 /* Release */ = {
			isa = XCBuildConfiguration;
			baseConfigurationReference = 8EA90B8B4DF479E2CE8B78C0 /* Pods.release.xcconfig */;
			buildSettings = {
				ASSETCATALOG_COMPILER_APPICON_NAME = AppIcon;
				INFOPLIST_FILE = PinCodeSwift/Info.plist;
				LD_RUNPATH_SEARCH_PATHS = "$(inherited) @executable_path/Frameworks";
				PRODUCT_BUNDLE_IDENTIFIER = com.sample.PinCodeSwift;
				PRODUCT_NAME = "$(TARGET_NAME)";
			};
			name = Release;
		};
/* End XCBuildConfiguration section */

/* Begin XCConfigurationList section */
		19643DC91C620A200055D883 /* Build configuration list for PBXProject "PinCodeSwift" */ = {
			isa = XCConfigurationList;
			buildConfigurations = (
				19643DDE1C620A200055D883 /* Debug */,
				19643DDF1C620A200055D883 /* Release */,
			);
			defaultConfigurationIsVisible = 0;
			defaultConfigurationName = Release;
		};
		19643DE01C620A200055D883 /* Build configuration list for PBXNativeTarget "PinCodeSwift" */ = {
			isa = XCConfigurationList;
			buildConfigurations = (
				19643DE11C620A200055D883 /* Debug */,
				19643DE21C620A200055D883 /* Release */,
			);
			defaultConfigurationIsVisible = 0;
			defaultConfigurationName = Release;
		};
/* End XCConfigurationList section */
	};
	rootObject = 19643DC61C620A200055D883 /* Project object */;
}
